
Microsoft Visual Studio Solution File, Format Version 12.00
# Visual Studio Version 16
VisualStudioVersion = 16.0.30320.27
MinimumVisualStudioVersion = 10.0.40219.1
Project("{9A19103F-16F7-4668-BE54-9A1E7A4F7556}") = "Engine", "Engine.csproj", "{EF862256-E9EA-4FF1-ACCC-C87461EE9621}"
EndProject
Global
	GlobalSection(SolutionConfigurationPlatforms) = preSolution
		Debug|Any CPU = Debug|Any CPU
		Release|Any CPU = Release|Any CPU
	EndGlobalSection
	GlobalSection(ProjectConfigurationPlatforms) = postSolution
		{EF862256-E9EA-4FF1-ACCC-C87461EE9621}.Debug|Any CPU.ActiveCfg = Debug|Any CPU
		{EF862256-E9EA-4FF1-ACCC-C87461EE9621}.Debug|Any CPU.Build.0 = Debug|Any CPU
		{EF862256-E9EA-4FF1-ACCC-C87461EE9621}.Release|Any CPU.ActiveCfg = Release|Any CPU
		{EF862256-E9EA-4FF1-ACCC-C87461EE9621}.Release|Any CPU.Build.0 = Release|Any CPU
	EndGlobalSection
	GlobalSection(SolutionProperties) = preSolution
		HideSolutionNode = FALSE
	EndGlobalSection
	GlobalSection(ExtensibilityGlobals) = postSolution
		SolutionGuid = {7758EA8D-8199-4134-BA53-31E36CB0A2C6}
	EndGlobalSection
EndGlobal
